
Microsoft Visual Studio Solution File, Format Version 12.00
# Visual Studio Version 16
VisualStudioVersion = 16.0.31105.61
MinimumVisualStudioVersion = 10.0.40219.1
Project("{FAE04EC0-301F-11D3-BF4B-00C04F79EFBC}") = "thuc_tap", "thuc_tap\thuc_tap.csproj", "{3DB8AAA2-0069-4689-A199-7F105BDA01A8}"
EndProject
Global
	GlobalSection(SolutionConfigurationPlatforms) = preSolution
		Debug|Any CPU = Debug|Any CPU
		Release|Any CPU = Release|Any CPU
	EndGlobalSection
	GlobalSection(ProjectConfigurationPlatforms) = postSolution
		{3DB8AAA2-0069-4689-A199-7F105BDA01A8}.Debug|Any CPU.ActiveCfg = Debug|Any CPU
		{3DB8AAA2-0069-4689-A199-7F105BDA01A8}.Debug|Any CPU.Build.0 = Debug|Any CPU
		{3DB8AAA2-0069-4689-A199-7F105BDA01A8}.Release|Any CPU.ActiveCfg = Release|Any CPU
		{3DB8AAA2-0069-4689-A199-7F105BDA01A8}.Release|Any CPU.Build.0 = Release|Any CPU
	EndGlobalSection
	GlobalSection(SolutionProperties) = preSolution
		HideSolutionNode = FALSE
	EndGlobalSection
	GlobalSection(ExtensibilityGlobals) = postSolution
		SolutionGuid = {831ABB7D-460E-4F6B-9B0A-9EF84A53A32D}
	EndGlobalSection
EndGlobal
